{
    "name": "feedannounce",
    "version": "0.1.0",
    "lockfileVersion": 1,
    "requires": true,
    "dependencies": {
        "addressparser": {
            "version": "0.1.3",
            "resolved": "https://registry.npmjs.org/addressparser/-/addressparser-0.1.3.tgz",
            "integrity": "sha1-npq0PSV+GueE4d9fWAyfUkD1iHQ="
        },
        "array-indexofobject": {
            "version": "0.0.1",
            "resolved": "https://registry.npmjs.org/array-indexofobject/-/array-indexofobject-0.0.1.tgz",
            "integrity": "sha1-qqEo5iybPDWAlFaMIZ/2T+SJ1Co="
        },
        "core-util-is": {
            "version": "1.0.2",
            "resolved": "https://registry.npmjs.org/core-util-is/-/core-util-is-1.0.2.tgz",
            "integrity": "sha1-tf1UIgqivFq1eqtxQMlAdUUDwac="
        },
        "feedparser": {
            "version": "1.1.6",
            "resolved": "https://registry.npmjs.org/feedparser/-/feedparser-1.1.6.tgz",
            "integrity": "sha1-VrcboPlpHXCqp/3YhNWulv3+U2Y=",
            "requires": {
                "addressparser": "~0.1.3",
                "array-indexofobject": "~0.0.1",
                "readable-stream": "~1.0.17",
                "sax": "~0.6.0"
            }
        },
        "inherits": {
            "version": "2.0.4",
            "resolved": "https://registry.npmjs.org/inherits/-/inherits-2.0.4.tgz",
            "integrity": "sha512-k/vGaX4/Yla3WzyMCvTQOXYeIHvqOKtnqBduzTHpzpQZzAskKMhZ2K+EnBiSM9zGSoIFeMpXKxa4dYeZIQqewQ=="
        },
        "ip-regex": {
            "version": "1.0.3",
            "resolved": "https://registry.npmjs.org/ip-regex/-/ip-regex-1.0.3.tgz",
            "integrity": "sha1-3FiQdvZZ9BnCIgOaMzFvHHOH7/0="
        },
        "isarray": {
            "version": "0.0.1",
            "resolved": "https://registry.npmjs.org/isarray/-/isarray-0.0.1.tgz",
            "integrity": "sha1-ihis/Kmo9Bd+Cav8YDiTmwXR7t8="
        },
        "readable-stream": {
            "version": "1.0.34",
            "resolved": "https://registry.npmjs.org/readable-stream/-/readable-stream-1.0.34.tgz",
            "integrity": "sha1-Elgg40vIQtLyqq+v5MKRbuMsFXw=",
            "requires": {
                "core-util-is": "~1.0.0",
                "inherits": "~2.0.1",
                "isarray": "0.0.1",
                "string_decoder": "~0.10.x"
            }
        },
        "sax": {
            "version": "0.6.1",
            "resolved": "https://registry.npmjs.org/sax/-/sax-0.6.1.tgz",
            "integrity": "sha1-VjsZx8HeiS4Jv8Ty/DDjwn8JUrk="
        },
        "string_decoder": {
            "version": "0.10.31",
            "resolved": "https://registry.npmjs.org/string_decoder/-/string_decoder-0.10.31.tgz",
            "integrity": "sha1-YuIDvEF2bGwoyfyEMB2rHFMQ+pQ="
        },
        "url-regex": {
            "version": "3.2.0",
            "resolved": "https://registry.npmjs.org/url-regex/-/url-regex-3.2.0.tgz",
            "integrity": "sha1-260eDJ4p4QXdCx8J9oYvf9tIJyQ=",
            "requires": {
                "ip-regex": "^1.0.1"
            }
        }
    }
}
