{
    "name": "ircbridge",
    "version": "0.2.0",
    "lockfileVersion": 1,
    "requires": true,
    "dependencies": {
        "iconv": {
            "version": "2.1.11",
            "resolved": "https://registry.npmjs.org/iconv/-/iconv-2.1.11.tgz",
            "integrity": "sha1-X12pOmQ1BvXOqovZx41hdPi5NRo=",
            "optional": true,
            "requires": {
                "nan": "~2.0.4"
            }
        },
        "irc": {
            "version": "0.4.1",
            "resolved": "https://registry.npmjs.org/irc/-/irc-0.4.1.tgz",
            "integrity": "sha1-doujVImf4V7ZPPEXbOF2Ooi1uAg=",
            "requires": {
                "iconv": "~2.1.6",
                "irc-colors": "^1.1.0",
                "node-icu-charset-detector": "~0.1.2"
            }
        },
        "irc-colors": {
            "version": "1.5.0",
            "resolved": "https://registry.npmjs.org/irc-colors/-/irc-colors-1.5.0.tgz",
            "integrity": "sha512-HtszKchBQTcqw1DC09uD7i7vvMayHGM1OCo6AHt5pkgZEyo99ClhHTMJdf+Ezc9ovuNNxcH89QfyclGthjZJOw=="
        },
        "nan": {
            "version": "2.0.9",
            "resolved": "https://registry.npmjs.org/nan/-/nan-2.0.9.tgz",
            "integrity": "sha1-0Cp3D0Z3iELM65ThfKsx/8cjSgU=",
            "optional": true
        },
        "node-icu-charset-detector": {
            "version": "0.1.4",
            "resolved": "https://registry.npmjs.org/node-icu-charset-detector/-/node-icu-charset-detector-0.1.4.tgz",
            "integrity": "sha1-SXnCH3LPT3nL7sJ7WG1vcTjQyc0=",
            "optional": true,
            "requires": {
                "nan": "^2.0.0"
            }
        }
    }
}
